
Microsoft Visual Studio Solution File, Format Version 12.00
# Visual Studio 2013
VisualStudioVersion = 12.0.31101.0
MinimumVisualStudioVersion = 10.0.40219.1
Project("{FAE04EC0-301F-11D3-BF4B-00C04F79EFBC}") = "testWarp", "testWarp\testWarp.csproj", "{40039EBD-FC7A-4597-A11D-891DA4E8144A}"
	ProjectSection(ProjectDependencies) = postProject
		{3A0087CE-ED9C-4618-B921-9FFFD5E504AA} = {3A0087CE-ED9C-4618-B921-9FFFD5E504AA}
	EndProjectSection
EndProject
Project("{FAE04EC0-301F-11D3-BF4B-00C04F79EFBC}") = "ClassLibrary1", "..\ClassLibrary1\ClassLibrary1\ClassLibrary1.csproj", "{3A0087CE-ED9C-4618-B921-9FFFD5E504AA}"
EndProject
Project("{2150E333-8FDC-42A3-9474-1A3956D46DE8}") = "Solution Items", "Solution Items", "{42CC1248-B11E-401E-8EFA-39381EABD630}"
	ProjectSection(SolutionItems) = preProject
		Performance1.psess = Performance1.psess
		Performance2.psess = Performance2.psess
	EndProjectSection
EndProject
Global
	GlobalSection(SolutionConfigurationPlatforms) = preSolution
		Debug|Any CPU = Debug|Any CPU
		Debug|x86 = Debug|x86
		Release|Any CPU = Release|Any CPU
		Release|x86 = Release|x86
	EndGlobalSection
	GlobalSection(ProjectConfigurationPlatforms) = postSolution
		{40039EBD-FC7A-4597-A11D-891DA4E8144A}.Debug|Any CPU.ActiveCfg = Debug|Any CPU
		{40039EBD-FC7A-4597-A11D-891DA4E8144A}.Debug|Any CPU.Build.0 = Debug|Any CPU
		{40039EBD-FC7A-4597-A11D-891DA4E8144A}.Debug|x86.ActiveCfg = Debug|Any CPU
		{40039EBD-FC7A-4597-A11D-891DA4E8144A}.Debug|x86.Build.0 = Debug|Any CPU
		{40039EBD-FC7A-4597-A11D-891DA4E8144A}.Release|Any CPU.ActiveCfg = Release|Any CPU
		{40039EBD-FC7A-4597-A11D-891DA4E8144A}.Release|Any CPU.Build.0 = Release|Any CPU
		{40039EBD-FC7A-4597-A11D-891DA4E8144A}.Release|x86.ActiveCfg = Release|Any CPU
		{40039EBD-FC7A-4597-A11D-891DA4E8144A}.Release|x86.Build.0 = Release|Any CPU
		{3A0087CE-ED9C-4618-B921-9FFFD5E504AA}.Debug|Any CPU.ActiveCfg = Debug|Any CPU
		{3A0087CE-ED9C-4618-B921-9FFFD5E504AA}.Debug|Any CPU.Build.0 = Debug|Any CPU
		{3A0087CE-ED9C-4618-B921-9FFFD5E504AA}.Debug|x86.ActiveCfg = Debug|Any CPU
		{3A0087CE-ED9C-4618-B921-9FFFD5E504AA}.Debug|x86.Build.0 = Debug|Any CPU
		{3A0087CE-ED9C-4618-B921-9FFFD5E504AA}.Release|Any CPU.ActiveCfg = Release|Any CPU
		{3A0087CE-ED9C-4618-B921-9FFFD5E504AA}.Release|Any CPU.Build.0 = Release|Any CPU
		{3A0087CE-ED9C-4618-B921-9FFFD5E504AA}.Release|x86.ActiveCfg = Release|Any CPU
		{3A0087CE-ED9C-4618-B921-9FFFD5E504AA}.Release|x86.Build.0 = Release|Any CPU
	EndGlobalSection
	GlobalSection(SolutionProperties) = preSolution
		HideSolutionNode = FALSE
	EndGlobalSection
EndGlobal
